dependencies:
  node-fetch: 2.6.0
  opn: 6.0.0
  request: 2.88.2
  selenium-webdriver: 4.0.0-alpha.7
lockfileVersion: 5.1
packages:
  /ajv/6.12.2:
    dependencies:
      fast-deep-equal: 3.1.1
      fast-json-stable-stringify: 2.1.0
      json-schema-traverse: 0.4.1
      uri-js: 4.2.2
    dev: false
    resolution:
      integrity: sha512-k+V+hzjm5q/Mr8ef/1Y9goCmlsK4I6Sm74teeyGvFk1XrOsbsKLjEdrvny42CZ+a8sXbk8KWpY/bDwS+FLL2UQ==
  /asn1/0.2.4:
    dependencies:
      safer-buffer: 2.1.2
    dev: false
    resolution:
      integrity: sha512-jxwzQpLQjSmWXgwaCZE9Nz+glAG01yF1QnWgbhGwHI5A6FRIEY6IVqtHhIepHqI7/kyEyQEagBC5mBEFlIYvdg==
  /assert-plus/1.0.0:
    dev: false
    engines:
      node: '>=0.8'
    resolution:
      integrity: sha1-8S4PPF13sLHN2RRpQuTpbB5N1SU=
  /asynckit/0.4.0:
    dev: false
    resolution:
      integrity: sha1-x57Zf380y48robyXkLzDZkdLS3k=
  /aws-sign2/0.7.0:
    dev: false
    resolution:
      integrity: sha1-tG6JCTSpWR8tL2+G1+ap8bP+dqg=
  /aws4/1.9.1:
    dev: false
    resolution:
      integrity: sha512-wMHVg2EOHaMRxbzgFJ9gtjOOCrI80OHLG14rxi28XwOW8ux6IiEbRCGGGqCtdAIg4FQCbW20k9RsT4y3gJlFug==
  /balanced-match/1.0.0:
    dev: false
    resolution:
      integrity: sha1-ibTRmasr7kneFk6gK4nORi1xt2c=
  /bcrypt-pbkdf/1.0.2:
    dependencies:
      tweetnacl: 0.14.5
    dev: false
    resolution:
      integrity: sha1-pDAdOJtqQ/m2f/PKEaP2Y342Dp4=
  /brace-expansion/1.1.11:
    dependencies:
      balanced-match: 1.0.0
      concat-map: 0.0.1
    dev: false
    resolution:
      integrity: sha512-iCuPHDFgrHX7H2vEI/5xpz07zSHB00TpugqhmYtVmMO6518mCuRMoOYFldEBl0g187ufozdaHgWKcYFb61qGiA==
  /caseless/0.12.0:
    dev: false
    resolution:
      integrity: sha1-G2gcIf+EAzyCZUMJBolCDRhxUdw=
  /combined-stream/1.0.8:
    dependencies:
      delayed-stream: 1.0.0
    dev: false
    engines:
      node: '>= 0.8'
    resolution:
      integrity: sha512-FQN4MRfuJeHf7cBbBMJFXhKSDq+2kAArBlmRBvcvFE5BB1HZKXtSFASDhdlz9zOYwxh8lDdnvmMOe/+5cdoEdg==
  /concat-map/0.0.1:
    dev: false
    resolution:
      integrity: sha1-2Klr13/Wjfd5OnMDajug1UBdR3s=
  /core-util-is/1.0.2:
    dev: false
    resolution:
      integrity: sha1-tf1UIgqivFq1eqtxQMlAdUUDwac=
  /dashdash/1.14.1:
    dependencies:
      assert-plus: 1.0.0
    dev: false
    engines:
      node: '>=0.10'
    resolution:
      integrity: sha1-hTz6D3y+L+1d4gMmuN1YEDX24vA=
  /delayed-stream/1.0.0:
    dev: false
    engines:
      node: '>=0.4.0'
    resolution:
      integrity: sha1-3zrhmayt+31ECqrgsp4icrJOxhk=
  /ecc-jsbn/0.1.2:
    dependencies:
      jsbn: 0.1.1
      safer-buffer: 2.1.2
    dev: false
    resolution:
      integrity: sha1-OoOpBOVDUyh4dMVkt1SThoSamMk=
  /extend/3.0.2:
    dev: false
    resolution:
      integrity: sha512-fjquC59cD7CyW6urNXK0FBufkZcoiGG80wTuPujX590cB5Ttln20E2UB4S/WARVqhXffZl2LNgS+gQdPIIim/g==
  /extsprintf/1.3.0:
    dev: false
    engines:
      '0': node >=0.6.0
    resolution:
      integrity: sha1-lpGEQOMEGnpBT4xS48V06zw+HgU=
  /fast-deep-equal/3.1.1:
    dev: false
    resolution:
      integrity: sha512-8UEa58QDLauDNfpbrX55Q9jrGHThw2ZMdOky5Gl1CDtVeJDPVrG4Jxx1N8jw2gkWaff5UUuX1KJd+9zGe2B+ZA==
  /fast-json-stable-stringify/2.1.0:
    dev: false
    resolution:
      integrity: sha512-lhd/wF+Lk98HZoTCtlVraHtfh5XYijIjalXck7saUtuanSDyLMxnHhSXEDJqHxD7msR8D0uCmqlkwjCV8xvwHw==
  /forever-agent/0.6.1:
    dev: false
    resolution:
      integrity: sha1-+8cfDEGt6zf5bFd60e1C2P2sypE=
  /form-data/2.3.3:
    dependencies:
      asynckit: 0.4.0
      combined-stream: 1.0.8
      mime-types: 2.1.26
    dev: false
    engines:
      node: '>= 0.12'
    resolution:
      integrity: sha512-1lLKB2Mu3aGP1Q/2eCOx0fNbRMe7XdwktwOruhfqqd0rIJWwN4Dh+E3hrPSlDCXnSR7UtZ1N38rVXm+6+MEhJQ==
  /fs.realpath/1.0.0:
    dev: false
    resolution:
      integrity: sha1-FQStJSMVjKpA20onh8sBQRmU6k8=
  /getpass/0.1.7:
    dependencies:
      assert-plus: 1.0.0
    dev: false
    resolution:
      integrity: sha1-Xv+OPmhNVprkyysSgmBOi6YhSfo=
  /glob/7.1.6:
    dependencies:
      fs.realpath: 1.0.0
      inflight: 1.0.6
      inherits: 2.0.4
      minimatch: 3.0.4
      once: 1.4.0
      path-is-absolute: 1.0.1
    dev: false
    resolution:
      integrity: sha512-LwaxwyZ72Lk7vZINtNNrywX0ZuLyStrdDtabefZKAY5ZGJhVtgdznluResxNmPitE0SAO+O26sWTHeKSI2wMBA==
  /har-schema/2.0.0:
    dev: false
    engines:
      node: '>=4'
    resolution:
      integrity: sha1-qUwiJOvKwEeCoNkDVSHyRzW37JI=
  /har-validator/5.1.3:
    dependencies:
      ajv: 6.12.2
      har-schema: 2.0.0
    dev: false
    engines:
      node: '>=6'
    resolution:
      integrity: sha512-sNvOCzEQNr/qrvJgc3UG/kD4QtlHycrzwS+6mfTrrSq97BvaYcPZZI1ZSqGSPR73Cxn4LKTD4PttRwfU7jWq5g==
  /http-signature/1.2.0:
    dependencies:
      assert-plus: 1.0.0
      jsprim: 1.4.1
      sshpk: 1.16.1
    dev: false
    engines:
      node: '>=0.8'
      npm: '>=1.3.7'
    resolution:
      integrity: sha1-muzZJRFHcvPZW2WmCruPfBj7rOE=
  /immediate/3.0.6:
    dev: false
    resolution:
      integrity: sha1-nbHb0Pr43m++D13V5Wu2BigN5ps=
  /inflight/1.0.6:
    dependencies:
      once: 1.4.0
      wrappy: 1.0.2
    dev: false
    resolution:
      integrity: sha1-Sb1jMdfQLQwJvJEKEHW6gWW1bfk=
  /inherits/2.0.4:
    dev: false
    resolution:
      integrity: sha512-k/vGaX4/Yla3WzyMCvTQOXYeIHvqOKtnqBduzTHpzpQZzAskKMhZ2K+EnBiSM9zGSoIFeMpXKxa4dYeZIQqewQ==
  /is-typedarray/1.0.0:
    dev: false
    resolution:
      integrity: sha1-5HnICFjfDBsR3dppQPlgEfzaSpo=
  /is-wsl/1.1.0:
    dev: false
    engines:
      node: '>=4'
    resolution:
      integrity: sha1-HxbkqiKwTRM2tmGIpmrzxgDDpm0=
  /isarray/1.0.0:
    dev: false
    resolution:
      integrity: sha1-u5NdSFgsuhaMBoNJV6VKPgcSTxE=
  /isstream/0.1.2:
    dev: false
    resolution:
      integrity: sha1-R+Y/evVa+m+S4VAOaQ64uFKcCZo=
  /jsbn/0.1.1:
    dev: false
    resolution:
      integrity: sha1-peZUwuWi3rXyAdls77yoDA7y9RM=
  /json-schema-traverse/0.4.1:
    dev: false
    resolution:
      integrity: sha512-xbbCH5dCYU5T8LcEhhuh7HJ88HXuW3qsI3Y0zOZFKfZEHcpWiHU/Jxzk629Brsab/mMiHQti9wMP+845RPe3Vg==
  /json-schema/0.2.3:
    dev: false
    resolution:
      integrity: sha1-tIDIkuWaLwWVTOcnvT8qTogvnhM=
  /json-stringify-safe/5.0.1:
    dev: false
    resolution:
      integrity: sha1-Epai1Y/UXxmg9s4B1lcB4sc1tus=
  /jsprim/1.4.1:
    dependencies:
      assert-plus: 1.0.0
      extsprintf: 1.3.0
      json-schema: 0.2.3
      verror: 1.10.0
    dev: false
    engines:
      '0': node >=0.6.0
    resolution:
      integrity: sha1-MT5mvB5cwG5Di8G3SZwuXFastqI=
  /jszip/3.4.0:
    dependencies:
      lie: 3.3.0
      pako: 1.0.11
      readable-stream: 2.3.7
      set-immediate-shim: 1.0.1
    dev: false
    resolution:
      integrity: sha512-gZAOYuPl4EhPTXT0GjhI3o+ZAz3su6EhLrKUoAivcKqyqC7laS5JEv4XWZND9BgcDcF83vI85yGbDmDR6UhrIg==
  /lie/3.3.0:
    dependencies:
      immediate: 3.0.6
    dev: false
    resolution:
      integrity: sha512-UaiMJzeWRlEujzAuw5LokY1L5ecNQYZKfmyZ9L7wDHb/p5etKaxXhohBcrw0EYby+G/NA52vRSN4N39dxHAIwQ==
  /mime-db/1.43.0:
    dev: false
    engines:
      node: '>= 0.6'
    resolution:
      integrity: sha512-+5dsGEEovYbT8UY9yD7eE4XTc4UwJ1jBYlgaQQF38ENsKR3wj/8q8RFZrF9WIZpB2V1ArTVFUva8sAul1NzRzQ==
  /mime-types/2.1.26:
    dependencies:
      mime-db: 1.43.0
    dev: false
    engines:
      node: '>= 0.6'
    resolution:
      integrity: sha512-01paPWYgLrkqAyrlDorC1uDwl2p3qZT7yl806vW7DvDoxwXi46jsjFbg+WdwotBIk6/MbEhO/dh5aZ5sNj/dWQ==
  /minimatch/3.0.4:
    dependencies:
      brace-expansion: 1.1.11
    dev: false
    resolution:
      integrity: sha512-yJHVQEhyqPLUTgt9B83PXu6W3rx4MvvHvSUvToogpwoGDOUQ+yDrR0HRot+yOCdCO7u4hX3pWft6kWBBcqh0UA==
  /node-fetch/2.6.0:
    dev: false
    engines:
      node: 4.x || >=6.0.0
    resolution:
      integrity: sha512-8dG4H5ujfvFiqDmVu9fQ5bOHUC15JMjMY/Zumv26oOvvVJjM67KF8koCWIabKQ1GJIa9r2mMZscBq/TbdOcmNA==
  /oauth-sign/0.9.0:
    dev: false
    resolution:
      integrity: sha512-fexhUFFPTGV8ybAtSIGbV6gOkSv8UtRbDBnAyLQw4QPKkgNlsH2ByPGtMUqdWkos6YCRmAqViwgZrJc/mRDzZQ==
  /once/1.4.0:
    dependencies:
      wrappy: 1.0.2
    dev: false
    resolution:
      integrity: sha1-WDsap3WWHUsROsF9nFC6753Xa9E=
  /opn/6.0.0:
    dependencies:
      is-wsl: 1.1.0
    deprecated: The package has been renamed to `open`
    dev: false
    engines:
      node: '>=8'
    resolution:
      integrity: sha512-I9PKfIZC+e4RXZ/qr1RhgyCnGgYX0UEIlXgWnCOVACIvFgaC9rz6Won7xbdhoHrd8IIhV7YEpHjreNUNkqCGkQ==
  /os-tmpdir/1.0.2:
    dev: false
    engines:
      node: '>=0.10.0'
    resolution:
      integrity: sha1-u+Z0BseaqFxc/sdm/lc0VV36EnQ=
  /pako/1.0.11:
    dev: false
    resolution:
      integrity: sha512-4hLB8Py4zZce5s4yd9XzopqwVv/yGNhV1Bl8NTmCq1763HeK2+EwVTv+leGeL13Dnh2wfbqowVPXCIO0z4taYw==
  /path-is-absolute/1.0.1:
    dev: false
    engines:
      node: '>=0.10.0'
    resolution:
      integrity: sha1-F0uSaHNVNP+8es5r9TpanhtcX18=
  /performance-now/2.1.0:
    dev: false
    resolution:
      integrity: sha1-Ywn04OX6kT7BxpMHrjZLSzd8nns=
  /process-nextick-args/2.0.1:
    dev: false
    resolution:
      integrity: sha512-3ouUOpQhtgrbOa17J7+uxOTpITYWaGP7/AhoR3+A+/1e9skrzelGi/dXzEYyvbxubEF6Wn2ypscTKiKJFFn1ag==
  /psl/1.8.0:
    dev: false
    resolution:
      integrity: sha512-RIdOzyoavK+hA18OGGWDqUTsCLhtA7IcZ/6NCs4fFJaHBDab+pDDmDIByWFRQJq2Cd7r1OoQxBGKOaztq+hjIQ==
  /punycode/2.1.1:
    dev: false
    engines:
      node: '>=6'
    resolution:
      integrity: sha512-XRsRjdf+j5ml+y/6GKHPZbrF/8p2Yga0JPtdqTIY2Xe5ohJPD9saDJJLPvp9+NSBprVvevdXZybnj2cv8OEd0A==
  /qs/6.5.2:
    dev: false
    engines:
      node: '>=0.6'
    resolution:
      integrity: sha512-N5ZAX4/LxJmF+7wN74pUD6qAh9/wnvdQcjq9TZjevvXzSUo7bfmw91saqMjzGS2xq91/odN2dW/WOl7qQHNDGA==
  /readable-stream/2.3.7:
    dependencies:
      core-util-is: 1.0.2
      inherits: 2.0.4
      isarray: 1.0.0
      process-nextick-args: 2.0.1
      safe-buffer: 5.1.2
      string_decoder: 1.1.1
      util-deprecate: 1.0.2
    dev: false
    resolution:
      integrity: sha512-Ebho8K4jIbHAxnuxi7o42OrZgF/ZTNcsZj6nRKyUmkhLFq8CHItp/fy6hQZuZmP/n3yZ9VBUbp4zz/mX8hmYPw==
  /request/2.88.2:
    dependencies:
      aws-sign2: 0.7.0
      aws4: 1.9.1
      caseless: 0.12.0
      combined-stream: 1.0.8
      extend: 3.0.2
      forever-agent: 0.6.1
      form-data: 2.3.3
      har-validator: 5.1.3
      http-signature: 1.2.0
      is-typedarray: 1.0.0
      isstream: 0.1.2
      json-stringify-safe: 5.0.1
      mime-types: 2.1.26
      oauth-sign: 0.9.0
      performance-now: 2.1.0
      qs: 6.5.2
      safe-buffer: 5.2.0
      tough-cookie: 2.5.0
      tunnel-agent: 0.6.0
      uuid: 3.4.0
    deprecated: 'request has been deprecated, see https://github.com/request/request/issues/3142'
    dev: false
    engines:
      node: '>= 6'
    resolution:
      integrity: sha512-MsvtOrfG9ZcrOwAW+Qi+F6HbD0CWXEh9ou77uOb7FM2WPhwT7smM833PzanhJLsgXjN89Ir6V2PczXNnMpwKhw==
  /rimraf/2.7.1:
    dependencies:
      glob: 7.1.6
    dev: false
    hasBin: true
    resolution:
      integrity: sha512-uWjbaKIK3T1OSVptzX7Nl6PvQ3qAGtKEtVRjRuazjfL3Bx5eI409VZSqgND+4UNnmzLVdPj9FqFJNPqBZFve4w==
  /safe-buffer/5.1.2:
    dev: false
    resolution:
      integrity: sha512-Gd2UZBJDkXlY7GbJxfsE8/nvKkUEU1G38c1siN6QP6a9PT9MmHB8GnpscSmMJSoF8LOIrt8ud/wPtojys4G6+g==
  /safe-buffer/5.2.0:
    dev: false
    resolution:
      integrity: sha512-fZEwUGbVl7kouZs1jCdMLdt95hdIv0ZeHg6L7qPeciMZhZ+/gdesW4wgTARkrFWEpspjEATAzUGPG8N2jJiwbg==
  /safer-buffer/2.1.2:
    dev: false
    resolution:
      integrity: sha512-YZo3K82SD7Riyi0E1EQPojLz7kpepnSQI9IyPbHHg1XXXevb5dJI7tpyN2ADxGcQbHG7vcyRHk0cbwqcQriUtg==
  /selenium-webdriver/4.0.0-alpha.7:
    dependencies:
      jszip: 3.4.0
      rimraf: 2.7.1
      tmp: 0.0.30
    dev: false
    engines:
      node: '>= 10.15.0'
    resolution:
      integrity: sha512-D4qnTsyTr91jT8f7MfN+OwY0IlU5+5FmlO5xlgRUV6hDEV8JyYx2NerdTEqDDkNq7RZDYc4VoPALk8l578RBHw==
  /set-immediate-shim/1.0.1:
    dev: false
    engines:
      node: '>=0.10.0'
    resolution:
      integrity: sha1-SysbJ+uAip+NzEgaWOXlb1mfP2E=
  /sshpk/1.16.1:
    dependencies:
      asn1: 0.2.4
      assert-plus: 1.0.0
      bcrypt-pbkdf: 1.0.2
      dashdash: 1.14.1
      ecc-jsbn: 0.1.2
      getpass: 0.1.7
      jsbn: 0.1.1
      safer-buffer: 2.1.2
      tweetnacl: 0.14.5
    dev: false
    engines:
      node: '>=0.10.0'
    hasBin: true
    resolution:
      integrity: sha512-HXXqVUq7+pcKeLqqZj6mHFUMvXtOJt1uoUx09pFW6011inTMxqI8BA8PM95myrIyyKwdnzjdFjLiE6KBPVtJIg==
  /string_decoder/1.1.1:
    dependencies:
      safe-buffer: 5.1.2
    dev: false
    resolution:
      integrity: sha512-n/ShnvDi6FHbbVfviro+WojiFzv+s8MPMHBczVePfUpDJLwoLT0ht1l4YwBCbi8pJAveEEdnkHyPyTP/mzRfwg==
  /tmp/0.0.30:
    dependencies:
      os-tmpdir: 1.0.2
    dev: false
    engines:
      node: '>=0.4.0'
    resolution:
      integrity: sha1-ckGdSovn1s51FI/YsyTlk6cRwu0=
  /tough-cookie/2.5.0:
    dependencies:
      psl: 1.8.0
      punycode: 2.1.1
    dev: false
    engines:
      node: '>=0.8'
    resolution:
      integrity: sha512-nlLsUzgm1kfLXSXfRZMc1KLAugd4hqJHDTvc2hDIwS3mZAfMEuMbc03SujMF+GEcpaX/qboeycw6iO8JwVv2+g==
  /tunnel-agent/0.6.0:
    dependencies:
      safe-buffer: 5.2.0
    dev: false
    resolution:
      integrity: sha1-J6XeoGs2sEoKmWZ3SykIaPD8QP0=
  /tweetnacl/0.14.5:
    dev: false
    resolution:
      integrity: sha1-WuaBd/GS1EViadEIr6k/+HQ/T2Q=
  /uri-js/4.2.2:
    dependencies:
      punycode: 2.1.1
    dev: false
    resolution:
      integrity: sha512-KY9Frmirql91X2Qgjry0Wd4Y+YTdrdZheS8TFwvkbLWf/G5KNJDCh6pKL5OZctEW4+0Baa5idK2ZQuELRwPznQ==
  /util-deprecate/1.0.2:
    dev: false
    resolution:
      integrity: sha1-RQ1Nyfpw3nMnYvvS1KKJgUGaDM8=
  /uuid/3.4.0:
    dev: false
    hasBin: true
    resolution:
      integrity: sha512-HjSDRw6gZE5JMggctHBcjVak08+KEVhSIiDzFnT9S9aegmp85S/bReBVTb4QTFaRNptJ9kuYaNhnbNEOkbKb/A==
  /verror/1.10.0:
    dependencies:
      assert-plus: 1.0.0
      core-util-is: 1.0.2
      extsprintf: 1.3.0
    dev: false
    engines:
      '0': node >=0.6.0
    resolution:
      integrity: sha1-OhBcoXBTr1XW4nDB+CiGguGNpAA=
  /wrappy/1.0.2:
    dev: false
    resolution:
      integrity: sha1-tSQ9jz7BqjXxNkYFvA0QNuMKtp8=
specifiers:
  node-fetch: ^2.6.0
  opn: ^6.0.0
  request: ^2.88.2
  selenium-webdriver: ^4.0.0-alpha.7
